// !$*UTF8*$!
{
	archiveVersion = 1;
	classes = {
	};
	objectVersion = 46;
	objects = {

/* Begin PBXBuildFile section */
		6622ADA61A9F88CE00C357DE /* AppDelegate.swift in Sources */ = {isa = PBXBuildFile; fileRef = 6622ADA51A9F88CE00C357DE /* AppDelegate.swift */; };
		6622ADA81A9F88CE00C357DE /* ViewController.swift in Sources */ = {isa = PBXBuildFile; fileRef = 6622ADA71A9F88CE00C357DE /* ViewController.swift */; };
		6622ADAB1A9F88CE00C357DE /* Main.storyboard in Resources */ = {isa = PBXBuildFile; fileRef = 6622ADA91A9F88CE00C357DE /* Main.storyboard */; };
		6622ADAD1A9F88CE00C357DE /* Images.xcassets in Resources */ = {isa = PBXBuildFile; fileRef = 6622ADAC1A9F88CE00C357DE /* Images.xcassets */; };
		6622ADB01A9F88CE00C357DE /* LaunchScreen.xib in Resources */ = {isa = PBXBuildFile; fileRef = 6622ADAE1A9F88CE00C357DE /* LaunchScreen.xib */; };
		6622ADBC1A9F88CE00C357DE /* PlaceholderTextViewDemoTests.swift in Sources */ = {isa = PBXBuildFile; fileRef = 6622ADBB1A9F88CE00C357DE /* PlaceholderTextViewDemoTests.swift */; };
/* End PBXBuildFile section */

/* Begin PBXContainerItemProxy section */
		6622ADB61A9F88CE00C357DE /* PBXContainerItemProxy */ = {
			isa = PBXContainerItemProxy;
			containerPortal = 6622AD981A9F88CE00C357DE /* Project object */;
			proxyType = 1;
			remoteGlobalIDString = 6622AD9F1A9F88CE00C357DE;
			remoteInfo = PlaceholderTextViewDemo;
		};
/* End PBXContainerItemProxy section */

/* Begin PBXFileReference section */
		6622ADA01A9F88CE00C357DE /* PlaceholderTextViewDemo.app */ = {isa = PBXFileReference; explicitFileType = wrapper.application; includeInIndex = 0; path = PlaceholderTextViewDemo.app; sourceTree = BUILT_PRODUCTS_DIR; };
		6622ADA41A9F88CE00C357DE /* Info.plist */ = {isa = PBXFileReference; lastKnownFileType = text.plist.xml; path = Info.plist; sourceTree = "<group>"; };
		6622ADA51A9F88CE00C357DE /* AppDelegate.swift */ = {isa = PBXFileReference; lastKnownFileType = sourcecode.swift; path = AppDelegate.swift; sourceTree = "<group>"; };
		6622ADA71A9F88CE00C357DE /* ViewController.swift */ = {isa = PBXFileReference; lastKnownFileType = sourcecode.swift; path = ViewController.swift; sourceTree = "<group>"; };
		6622ADAA1A9F88CE00C357DE /* Base */ = {isa = PBXFileReference; lastKnownFileType = file.storyboard; name = Base; path = Base.lproj/Main.storyboard; sourceTree = "<group>"; };
		6622ADAC1A9F88CE00C357DE /* Images.xcassets */ = {isa = PBXFileReference; lastKnownFileType = folder.assetcatalog; path = Images.xcassets; sourceTree = "<group>"; };
		6622ADAF1A9F88CE00C357DE /* Base */ = {isa = PBXFileReference; lastKnownFileType = file.xib; name = Base; path = Base.lproj/LaunchScreen.xib; sourceTree = "<group>"; };
		6622ADB51A9F88CE00C357DE /* PlaceholderTextViewDemoTests.xctest */ = {isa = PBXFileReference; explicitFileType = wrapper.cfbundle; includeInIndex = 0; path = PlaceholderTextViewDemoTests.xctest; sourceTree = BUILT_PRODUCTS_DIR; };
		6622ADBA1A9F88CE00C357DE /* Info.plist */ = {isa = PBXFileReference; lastKnownFileType = text.plist.xml; path = Info.plist; sourceTree = "<group>"; };
		6622ADBB1A9F88CE00C357DE /* PlaceholderTextViewDemoTests.swift */ = {isa = PBXFileReference; lastKnownFileType = sourcecode.swift; path = PlaceholderTextViewDemoTests.swift; sourceTree = "<group>"; };
/* End PBXFileReference section */

/* Begin PBXFrameworksBuildPhase section */
		6622AD9D1A9F88CE00C357DE /* Frameworks */ = {
			isa = PBXFrameworksBuildPhase;
			buildActionMask = 2147483647;
			files = (
			);
			runOnlyForDeploymentPostprocessing = 0;
		};
		6622ADB21A9F88CE00C357DE /* Frameworks */ = {
			isa = PBXFrameworksBuildPhase;
			buildActionMask = 2147483647;
			files = (
			);
			runOnlyForDeploymentPostprocessing = 0;
		};
/* End PBXFrameworksBuildPhase section */

/* Begin PBXGroup section */
		6622AD971A9F88CE00C357DE = {
			isa = PBXGroup;
			children = (
				6622ADA21A9F88CE00C357DE /* PlaceholderTextViewDemo */,
				6622ADB81A9F88CE00C357DE /* PlaceholderTextViewDemoTests */,
				6622ADA11A9F88CE00C357DE /* Products */,
			);
			sourceTree = "<group>";
		};
		6622ADA11A9F88CE00C357DE /* Products */ = {
			isa = PBXGroup;
			children = (
				6622ADA01A9F88CE00C357DE /* PlaceholderTextViewDemo.app */,
				6622ADB51A9F88CE00C357DE /* PlaceholderTextViewDemoTests.xctest */,
			);
			name = Products;
			sourceTree = "<group>";
		};
		6622ADA21A9F88CE00C357DE /* PlaceholderTextViewDemo */ = {
			isa = PBXGroup;
			children = (
				6622ADA51A9F88CE00C357DE /* AppDelegate.swift */,
				6622ADA71A9F88CE00C357DE /* ViewController.swift */,
				6622ADA91A9F88CE00C357DE /* Main.storyboard */,
				6622ADAC1A9F88CE00C357DE /* Images.xcassets */,
				6622ADAE1A9F88CE00C357DE /* LaunchScreen.xib */,
				6622ADA31A9F88CE00C357DE /* Supporting Files */,
			);
			path = PlaceholderTextViewDemo;
			sourceTree = "<group>";
		};
		6622ADA31A9F88CE00C357DE /* Supporting Files */ = {
			isa = PBXGroup;
			children = (
				6622ADA41A9F88CE00C357DE /* Info.plist */,
			);
			name = "Supporting Files";
			sourceTree = "<group>";
		};
		6622ADB81A9F88CE00C357DE /* PlaceholderTextViewDemoTests */ = {
			isa = PBXGroup;
			children = (
				6622ADBB1A9F88CE00C357DE /* PlaceholderTextViewDemoTests.swift */,
				6622ADB91A9F88CE00C357DE /* Supporting Files */,
			);
			path = PlaceholderTextViewDemoTests;
			sourceTree = "<group>";
		};
		6622ADB91A9F88CE00C357DE /* Supporting Files */ = {
			isa = PBXGroup;
			children = (
				6622ADBA1A9F88CE00C357DE /* Info.plist */,
			);
			name = "Supporting Files";
			sourceTree = "<group>";
		};
/* End PBXGroup section */

/* Begin PBXNativeTarget section */
		6622AD9F1A9F88CE00C357DE /* PlaceholderTextViewDemo */ = {
			isa = PBXNativeTarget;
			buildConfigurationList = 6622ADBF1A9F88CE00C357DE /* Build configuration list for PBXNativeTarget "PlaceholderTextViewDemo" */;
			buildPhases = (
				6622AD9C1A9F88CE00C357DE /* Sources */,
				6622AD9D1A9F88CE00C357DE /* Frameworks */,
				6622AD9E1A9F88CE00C357DE /* Resources */,
			);
			buildRules = (
			);
			dependencies = (
			);
			name = PlaceholderTextViewDemo;
			productName = PlaceholderTextViewDemo;
			productReference = 6622ADA01A9F88CE00C357DE /* PlaceholderTextViewDemo.app */;
			productType = "com.apple.product-type.application";
		};
		6622ADB41A9F88CE00C357DE /* PlaceholderTextViewDemoTests */ = {
			isa = PBXNativeTarget;
			buildConfigurationList = 6622ADC21A9F88CE00C357DE /* Build configuration list for PBXNativeTarget "PlaceholderTextViewDemoTests" */;
			buildPhases = (
				6622ADB11A9F88CE00C357DE /* Sources */,
				6622ADB21A9F88CE00C357DE /* Frameworks */,
				6622ADB31A9F88CE00C357DE /* Resources */,
			);
			buildRules = (
			);
			dependencies = (
				6622ADB71A9F88CE00C357DE /* PBXTargetDependency */,
			);
			name = PlaceholderTextViewDemoTests;
			productName = PlaceholderTextViewDemoTests;
			productReference = 6622ADB51A9F88CE00C357DE /* PlaceholderTextViewDemoTests.xctest */;
			productType = "com.apple.product-type.bundle.unit-test";
		};
/* End PBXNativeTarget section */

/* Begin PBXProject section */
		6622AD981A9F88CE00C357DE /* Project object */ = {
			isa = PBXProject;
			attributes = {
				LastUpgradeCheck = 0610;
				ORGANIZATIONNAME = "Ignacio Nieto Carvajal";
				TargetAttributes = {
					6622AD9F1A9F88CE00C357DE = {
						CreatedOnToolsVersion = 6.1.1;
					};
					6622ADB41A9F88CE00C357DE = {
						CreatedOnToolsVersion = 6.1.1;
						TestTargetID = 6622AD9F1A9F88CE00C357DE;
					};
				};
			};
			buildConfigurationList = 6622AD9B1A9F88CE00C357DE /* Build configuration list for PBXProject "PlaceholderTextViewDemo" */;
			compatibilityVersion = "Xcode 3.2";
			developmentRegion = English;
			hasScannedForEncodings = 0;
			knownRegions = (
				en,
				Base,
			);
			mainGroup = 6622AD971A9F88CE00C357DE;
			productRefGroup = 6622ADA11A9F88CE00C357DE /* Products */;
			projectDirPath = "";
			projectRoot = "";
			targets = (
				6622AD9F1A9F88CE00C357DE /* PlaceholderTextViewDemo */,
				6622ADB41A9F88CE00C357DE /* PlaceholderTextViewDemoTests */,
			);
		};
/* End PBXProject section */

/* Begin PBXResourcesBuildPhase section */
		6622AD9E1A9F88CE00C357DE /* Resources */ = {
			isa = PBXResourcesBuildPhase;
			buildActionMask = 2147483647;
			files = (
				6622ADAB1A9F88CE00C357DE /* Main.storyboard in Resources */,
				6622ADB01A9F88CE00C357DE /* LaunchScreen.xib in Resources */,
				6622ADAD1A9F88CE00C357DE /* Images.xcassets in Resources */,
			);
			runOnlyForDeploymentPostprocessing = 0;
		};
		6622ADB31A9F88CE00C357DE /* Resources */ = {
			isa = PBXResourcesBuildPhase;
			buildActionMask = 2147483647;
			files = (
			);
			runOnlyForDeploymentPostprocessing = 0;
		};
/* End PBXResourcesBuildPhase section */

/* Begin PBXSourcesBuildPhase section */
		6622AD9C1A9F88CE00C357DE /* Sources */ = {
			isa = PBXSourcesBuildPhase;
			buildActionMask = 2147483647;
			files = (
				6622ADA81A9F88CE00C357DE /* ViewController.swift in Sources */,
				6622ADA61A9F88CE00C357DE /* AppDelegate.swift in Sources */,
			);
			runOnlyForDeploymentPostprocessing = 0;
		};
		6622ADB11A9F88CE00C357DE /* Sources */ = {
			isa = PBXSourcesBuildPhase;
			buildActionMask = 2147483647;
			files = (
				6622ADBC1A9F88CE00C357DE /* PlaceholderTextViewDemoTests.swift in Sources */,
			);
			runOnlyForDeploymentPostprocessing = 0;
		};
/* End PBXSourcesBuildPhase section */

/* Begin PBXTargetDependency section */
		6622ADB71A9F88CE00C357DE /* PBXTargetDependency */ = {
			isa = PBXTargetDependency;
			target = 6622AD9F1A9F88CE00C357DE /* PlaceholderTextViewDemo */;
			targetProxy = 6622ADB61A9F88CE00C357DE /* PBXContainerItemProxy */;
		};
/* End PBXTargetDependency section */

/* Begin PBXVariantGroup section */
		6622ADA91A9F88CE00C357DE /* Main.storyboard */ = {
			isa = PBXVariantGroup;
			children = (
				6622ADAA1A9F88CE00C357DE /* Base */,
			);
			name = Main.storyboard;
			sourceTree = "<group>";
		};
		6622ADAE1A9F88CE00C357DE /* LaunchScreen.xib */ = {
			isa = PBXVariantGroup;
			children = (
				6622ADAF1A9F88CE00C357DE /* Base */,
			);
			name = LaunchScreen.xib;
			sourceTree = "<group>";
		};
/* End PBXVariantGroup section */

/* Begin XCBuildConfiguration section */
		6622ADBD1A9F88CE00C357DE /* Debug */ = {
			isa = XCBuildConfiguration;
			buildSettings = {
				ALWAYS_SEARCH_USER_PATHS = NO;
				CLANG_CXX_LANGUAGE_STANDARD = "gnu++0x";
				CLANG_CXX_LIBRARY = "libc++";
				CLANG_ENABLE_MODULES = YES;
				CLANG_ENABLE_OBJC_ARC = YES;
				CLANG_WARN_BOOL_CONVERSION = YES;
				CLANG_WARN_CONSTANT_CONVERSION = YES;
				CLANG_WARN_DIRECT_OBJC_ISA_USAGE = YES_ERROR;
				CLANG_WARN_EMPTY_BODY = YES;
				CLANG_WARN_ENUM_CONVERSION = YES;
				CLANG_WARN_INT_CONVERSION = YES;
				CLANG_WARN_OBJC_ROOT_CLASS = YES_ERROR;
				CLANG_WARN_UNREACHABLE_CODE = YES;
				CLANG_WARN__DUPLICATE_METHOD_MATCH = YES;
				"CODE_SIGN_IDENTITY[sdk=iphoneos*]" = "iPhone Developer";
				COPY_PHASE_STRIP = NO;
				ENABLE_STRICT_OBJC_MSGSEND = YES;
				GCC_C_LANGUAGE_STANDARD = gnu99;
				GCC_DYNAMIC_NO_PIC = NO;
				GCC_OPTIMIZATION_LEVEL = 0;
				GCC_PREPROCESSOR_DEFINITIONS = (
					"DEBUG=1",
					"$(inherited)",
				);
				GCC_SYMBOLS_PRIVATE_EXTERN = NO;
				GCC_WARN_64_TO_32_BIT_CONVERSION = YES;
				GCC_WARN_ABOUT_RETURN_TYPE = YES_ERROR;
				GCC_WARN_UNDECLARED_SELECTOR = YES;
				GCC_WARN_UNINITIALIZED_AUTOS = YES_AGGRESSIVE;
				GCC_WARN_UNUSED_FUNCTION = YES;
				GCC_WARN_UNUSED_VARIABLE = YES;
				IPHONEOS_DEPLOYMENT_TARGET = 8.1;
				MTL_ENABLE_DEBUG_INFO = YES;
				ONLY_ACTIVE_ARCH = YES;
				SDKROOT = iphoneos;
				SWIFT_OPTIMIZATION_LEVEL = "-Onone";
				TARGETED_DEVICE_FAMILY = "1,2";
			};
			name = Debug;
		};
		6622ADBE1A9F88CE00C357DE /* Release */ = {
			isa = XCBuildConfiguration;
			buildSettings = {
				ALWAYS_SEARCH_USER_PATHS = NO;
				CLANG_CXX_LANGUAGE_STANDARD = "gnu++0x";
				CLANG_CXX_LIBRARY = "libc++";
				CLANG_ENABLE_MODULES = YES;
				CLANG_ENABLE_OBJC_ARC = YES;
				CLANG_WARN_BOOL_CONVERSION = YES;
				CLANG_WARN_CONSTANT_CONVERSION = YES;
				CLANG_WARN_DIRECT_OBJC_ISA_USAGE = YES_ERROR;
				CLANG_WARN_EMPTY_BODY = YES;
				CLANG_WARN_ENUM_CONVERSION = YES;
				CLANG_WARN_INT_CONVERSION = YES;
				CLANG_WARN_OBJC_ROOT_CLASS = YES_ERROR;
				CLANG_WARN_UNREACHABLE_CODE = YES;
				CLANG_WARN__DUPLICATE_METHOD_MATCH = YES;
				"CODE_SIGN_IDENTITY[sdk=iphoneos*]" = "iPhone Developer";
				COPY_PHASE_STRIP = YES;
				ENABLE_NS_ASSERTIONS = NO;
				ENABLE_STRICT_OBJC_MSGSEND = YES;
				GCC_C_LANGUAGE_STANDARD = gnu99;
				GCC_WARN_64_TO_32_BIT_CONVERSION = YES;
				GCC_WARN_ABOUT_RETURN_TYPE = YES_ERROR;
				GCC_WARN_UNDECLARED_SELECTOR = YES;
				GCC_WARN_UNINITIALIZED_AUTOS = YES_AGGRESSIVE;
				GCC_WARN_UNUSED_FUNCTION = YES;
				GCC_WARN_UNUSED_VARIABLE = YES;
				IPHONEOS_DEPLOYMENT_TARGET = 8.1;
				MTL_ENABLE_DEBUG_INFO = NO;
				SDKROOT = iphoneos;
				TARGETED_DEVICE_FAMILY = "1,2";
				VALIDATE_PRODUCT = YES;
			};
			name = Release;
		};
		6622ADC01A9F88CE00C357DE /* Debug */ = {
			isa = XCBuildConfiguration;
			buildSettings = {
				ASSETCATALOG_COMPILER_APPICON_NAME = AppIcon;
				INFOPLIST_FILE = PlaceholderTextViewDemo/Info.plist;
				LD_RUNPATH_SEARCH_PATHS = "$(inherited) @executable_path/Frameworks";
				PRODUCT_NAME = "$(TARGET_NAME)";
			};
			name = Debug;
		};
		6622ADC11A9F88CE00C357DE /* Release */ = {
			isa = XCBuildConfiguration;
			buildSettings = {
				ASSETCATALOG_COMPILER_APPICON_NAME = AppIcon;
				INFOPLIST_FILE = PlaceholderTextViewDemo/Info.plist;
				LD_RUNPATH_SEARCH_PATHS = "$(inherited) @executable_path/Frameworks";
				PRODUCT_NAME = "$(TARGET_NAME)";
			};
			name = Release;
		};
		6622ADC31A9F88CE00C357DE /* Debug */ = {
			isa = XCBuildConfiguration;
			buildSettings = {
				BUNDLE_LOADER = "$(TEST_HOST)";
				FRAMEWORK_SEARCH_PATHS = (
					"$(SDKROOT)/Developer/Library/Frameworks",
					"$(inherited)",
				);
				GCC_PREPROCESSOR_DEFINITIONS = (
					"DEBUG=1",
					"$(inherited)",
				);
				INFOPLIST_FILE = PlaceholderTextViewDemoTests/Info.plist;
				LD_RUNPATH_SEARCH_PATHS = "$(inherited) @executable_path/Frameworks @loader_path/Frameworks";
				PRODUCT_NAME = "$(TARGET_NAME)";
				TEST_HOST = "$(BUILT_PRODUCTS_DIR)/PlaceholderTextViewDemo.app/PlaceholderTextViewDemo";
			};
			name = Debug;
		};
		6622ADC41A9F88CE00C357DE /* Release */ = {
			isa = XCBuildConfiguration;
			buildSettings = {
				BUNDLE_LOADER = "$(TEST_HOST)";
				FRAMEWORK_SEARCH_PATHS = (
					"$(SDKROOT)/Developer/Library/Frameworks",
					"$(inherited)",
				);
				INFOPLIST_FILE = PlaceholderTextViewDemoTests/Info.plist;
				LD_RUNPATH_SEARCH_PATHS = "$(inherited) @executable_path/Frameworks @loader_path/Frameworks";
				PRODUCT_NAME = "$(TARGET_NAME)";
				TEST_HOST = "$(BUILT_PRODUCTS_DIR)/PlaceholderTextViewDemo.app/PlaceholderTextViewDemo";
			};
			name = Release;
		};
/* End XCBuildConfiguration section */

/* Begin XCConfigurationList section */
		6622AD9B1A9F88CE00C357DE /* Build configuration list for PBXProject "PlaceholderTextViewDemo" */ = {
			isa = XCConfigurationList;
			buildConfigurations = (
				6622ADBD1A9F88CE00C357DE /* Debug */,
				6622ADBE1A9F88CE00C357DE /* Release */,
			);
			defaultConfigurationIsVisible = 0;
			defaultConfigurationName = Release;
		};
		6622ADBF1A9F88CE00C357DE /* Build configuration list for PBXNativeTarget "PlaceholderTextViewDemo" */ = {
			isa = XCConfigurationList;
			buildConfigurations = (
				6622ADC01A9F88CE00C357DE /* Debug */,
				6622ADC11A9F88CE00C357DE /* Release */,
			);
			defaultConfigurationIsVisible = 0;
		};
		6622ADC21A9F88CE00C357DE /* Build configuration list for PBXNativeTarget "PlaceholderTextViewDemoTests" */ = {
			isa = XCConfigurationList;
			buildConfigurations = (
				6622ADC31A9F88CE00C357DE /* Debug */,
				6622ADC41A9F88CE00C357DE /* Release */,
			);
			defaultConfigurationIsVisible = 0;
		};
/* End XCConfigurationList section */
	};
	rootObject = 6622AD981A9F88CE00C357DE /* Project object */;
}
